
Microsoft Visual Studio Solution File, Format Version 12.00
# Visual Studio Version 17
VisualStudioVersion = 17.7.34024.191
MinimumVisualStudioVersion = 10.0.40219.1
Project("{FAE04EC0-301F-11D3-BF4B-00C04F79EFBC}") = "EssamEInClass3", "EssamEInClass3\EssamEInClass3.csproj", "{854FB0C8-2350-403E-B4AA-260BC36BEC5F}"
EndProject
Global
	GlobalSection(SolutionConfigurationPlatforms) = preSolution
		Debug|Any CPU = Debug|Any CPU
		Release|Any CPU = Release|Any CPU
	EndGlobalSection
	GlobalSection(ProjectConfigurationPlatforms) = postSolution
		{854FB0C8-2350-403E-B4AA-260BC36BEC5F}.Debug|Any CPU.ActiveCfg = Debug|Any CPU
		{854FB0C8-2350-403E-B4AA-260BC36BEC5F}.Debug|Any CPU.Build.0 = Debug|Any CPU
		{854FB0C8-2350-403E-B4AA-260BC36BEC5F}.Release|Any CPU.ActiveCfg = Release|Any CPU
		{854FB0C8-2350-403E-B4AA-260BC36BEC5F}.Release|Any CPU.Build.0 = Release|Any CPU
	EndGlobalSection
	GlobalSection(SolutionProperties) = preSolution
		HideSolutionNode = FALSE
	EndGlobalSection
	GlobalSection(ExtensibilityGlobals) = postSolution
		SolutionGuid = {9AE45D97-BD98-4715-99DB-81B25F5E4982}
	EndGlobalSection
EndGlobal
