
Microsoft Visual Studio Solution File, Format Version 12.00
# Visual Studio Version 17
VisualStudioVersion = 17.7.34024.191
MinimumVisualStudioVersion = 10.0.40219.1
Project("{FAE04EC0-301F-11D3-BF4B-00C04F79EFBC}") = "A3ErbabEMohomedBishrulM", "A3ErbabEMohomedBishrulM\A3ErbabEMohomedBishrulM.csproj", "{CD73EBF8-17E8-4FEB-A77D-4D3A5ADD4EBC}"
EndProject
Global
	GlobalSection(SolutionConfigurationPlatforms) = preSolution
		Debug|Any CPU = Debug|Any CPU
		Release|Any CPU = Release|Any CPU
	EndGlobalSection
	GlobalSection(ProjectConfigurationPlatforms) = postSolution
		{CD73EBF8-17E8-4FEB-A77D-4D3A5ADD4EBC}.Debug|Any CPU.ActiveCfg = Debug|Any CPU
		{CD73EBF8-17E8-4FEB-A77D-4D3A5ADD4EBC}.Debug|Any CPU.Build.0 = Debug|Any CPU
		{CD73EBF8-17E8-4FEB-A77D-4D3A5ADD4EBC}.Release|Any CPU.ActiveCfg = Release|Any CPU
		{CD73EBF8-17E8-4FEB-A77D-4D3A5ADD4EBC}.Release|Any CPU.Build.0 = Release|Any CPU
	EndGlobalSection
	GlobalSection(SolutionProperties) = preSolution
		HideSolutionNode = FALSE
	EndGlobalSection
	GlobalSection(ExtensibilityGlobals) = postSolution
		SolutionGuid = {D15252DB-2D0A-478E-BCCC-1CC6CE4D4C8A}
	EndGlobalSection
EndGlobal
