
Microsoft Visual Studio Solution File, Format Version 12.00
# Visual Studio Version 17
VisualStudioVersion = 17.7.34024.191
MinimumVisualStudioVersion = 10.0.40219.1
Project("{FAE04EC0-301F-11D3-BF4B-00C04F79EFBC}") = "OneArmedBanditV2", "OneArmedBanditV2\OneArmedBanditV2.csproj", "{E62823AB-C4BF-4FE3-BDEE-E584C069E557}"
EndProject
Global
	GlobalSection(SolutionConfigurationPlatforms) = preSolution
		Debug|Any CPU = Debug|Any CPU
		Release|Any CPU = Release|Any CPU
	EndGlobalSection
	GlobalSection(ProjectConfigurationPlatforms) = postSolution
		{E62823AB-C4BF-4FE3-BDEE-E584C069E557}.Debug|Any CPU.ActiveCfg = Debug|Any CPU
		{E62823AB-C4BF-4FE3-BDEE-E584C069E557}.Debug|Any CPU.Build.0 = Debug|Any CPU
		{E62823AB-C4BF-4FE3-BDEE-E584C069E557}.Release|Any CPU.ActiveCfg = Release|Any CPU
		{E62823AB-C4BF-4FE3-BDEE-E584C069E557}.Release|Any CPU.Build.0 = Release|Any CPU
	EndGlobalSection
	GlobalSection(SolutionProperties) = preSolution
		HideSolutionNode = FALSE
	EndGlobalSection
	GlobalSection(ExtensibilityGlobals) = postSolution
		SolutionGuid = {98EEC5AA-BE3A-4DA7-A44A-57F11E80567B}
	EndGlobalSection
EndGlobal
